
Microsoft Visual Studio Solution File, Format Version 12.00
# Visual Studio 15
VisualStudioVersion = 15.0.28307.1209
MinimumVisualStudioVersion = 10.0.40219.1
Project("{2150E333-8FDC-42A3-9474-1A3956D46DE8}") = "01. Client", "01. Client", "{F05FFF47-BC31-4146-8A02-9495E0C50F94}"
EndProject
Project("{2150E333-8FDC-42A3-9474-1A3956D46DE8}") = "02. Engine", "02. Engine", "{ED4902A5-D79F-463B-9BF1-D9890A9D8F7C}"
EndProject
Project("{8BC9CEB8-8B4A-11D0-8D11-00A0C91BC942}") = "Client", "Client\Default\Client.vcxproj", "{D96EC2A1-4E54-466A-ADF8-89AA27338340}"
	ProjectSection(ProjectDependencies) = postProject
		{3DB4EC1B-E343-41B3-9784-0894820E2880} = {3DB4EC1B-E343-41B3-9784-0894820E2880}
		{78931A45-3DD0-41CB-903E-16968DBB4EB8} = {78931A45-3DD0-41CB-903E-16968DBB4EB8}
		{DD064E8D-04F3-4798-BDDE-38377E833117} = {DD064E8D-04F3-4798-BDDE-38377E833117}
	EndProjectSection
EndProject
Project("{2150E333-8FDC-42A3-9474-1A3956D46DE8}") = "00. Base", "00. Base", "{4B1FC092-A047-4AE0-AEF6-4F233F111114}"
	ProjectSection(SolutionItems) = preProject
		Base\Base.h = Base\Base.h
		Base\Base.inl = Base\Base.inl
	EndProjectSection
EndProject
Project("{2150E333-8FDC-42A3-9474-1A3956D46DE8}") = "00. System", "00. System", "{0EE9DDBA-EE98-4F9D-9A90-6E9F048DFB4D}"
EndProject
Project("{2150E333-8FDC-42A3-9474-1A3956D46DE8}") = "03. Header", "03. Header", "{10FC0D4D-0339-4399-B3C4-393AF29DC5C5}"
	ProjectSection(SolutionItems) = preProject
		Engine\Header\Engine_Define.h = Engine\Header\Engine_Define.h
		Engine\Header\Engine_Enum.h = Engine\Header\Engine_Enum.h
		Engine\Header\Engine_Function.h = Engine\Header\Engine_Function.h
		Engine\Header\Engine_Macro.h = Engine\Header\Engine_Macro.h
		Engine\Header\Engine_Struct.h = Engine\Header\Engine_Struct.h
		Engine\Header\Engine_Typedef.h = Engine\Header\Engine_Typedef.h
		Engine\Header\Export_Function.h = Engine\Header\Export_Function.h
	EndProjectSection
EndProject
Project("{8BC9CEB8-8B4A-11D0-8D11-00A0C91BC942}") = "System", "Engine\System\Default\System.vcxproj", "{78931A45-3DD0-41CB-903E-16968DBB4EB8}"
EndProject
Project("{2150E333-8FDC-42A3-9474-1A3956D46DE8}") = "01. Resources", "01. Resources", "{284BA4F4-059C-4D26-8A65-A75CC0321A47}"
EndProject
Project("{8BC9CEB8-8B4A-11D0-8D11-00A0C91BC942}") = "Resources", "Engine\Resources\Default\Resources.vcxproj", "{3DB4EC1B-E343-41B3-9784-0894820E2880}"
EndProject
Project("{2150E333-8FDC-42A3-9474-1A3956D46DE8}") = "02. Utility", "02. Utility", "{A8A204D1-8480-435F-B34C-F1AF5226153A}"
EndProject
Project("{8BC9CEB8-8B4A-11D0-8D11-00A0C91BC942}") = "Utility", "Engine\Utility\Default\Utility.vcxproj", "{DD064E8D-04F3-4798-BDDE-38377E833117}"
EndProject
Project("{2150E333-8FDC-42A3-9474-1A3956D46DE8}") = "03. MapTool", "03. MapTool", "{694D1EAF-96DC-4059-ABE3-438073D90279}"
EndProject
Project("{8BC9CEB8-8B4A-11D0-8D11-00A0C91BC942}") = "MFCTool", "MapTool\Default\MFCTool.vcxproj", "{01EB3160-4958-4867-B08C-73B08C848052}"
	ProjectSection(ProjectDependencies) = postProject
		{3DB4EC1B-E343-41B3-9784-0894820E2880} = {3DB4EC1B-E343-41B3-9784-0894820E2880}
		{78931A45-3DD0-41CB-903E-16968DBB4EB8} = {78931A45-3DD0-41CB-903E-16968DBB4EB8}
		{DD064E8D-04F3-4798-BDDE-38377E833117} = {DD064E8D-04F3-4798-BDDE-38377E833117}
	EndProjectSection
EndProject
Global
	GlobalSection(SolutionConfigurationPlatforms) = preSolution
		Debug|Any CPU = Debug|Any CPU
		Debug|x64 = Debug|x64
		Debug|x86 = Debug|x86
		Release|Any CPU = Release|Any CPU
		Release|x64 = Release|x64
		Release|x86 = Release|x86
	EndGlobalSection
	GlobalSection(ProjectConfigurationPlatforms) = postSolution
		{D96EC2A1-4E54-466A-ADF8-89AA27338340}.Debug|Any CPU.ActiveCfg = Debug|Win32
		{D96EC2A1-4E54-466A-ADF8-89AA27338340}.Debug|x64.ActiveCfg = Debug|x64
		{D96EC2A1-4E54-466A-ADF8-89AA27338340}.Debug|x64.Build.0 = Debug|x64
		{D96EC2A1-4E54-466A-ADF8-89AA27338340}.Debug|x86.ActiveCfg = Debug|Win32
		{D96EC2A1-4E54-466A-ADF8-89AA27338340}.Debug|x86.Build.0 = Debug|Win32
		{D96EC2A1-4E54-466A-ADF8-89AA27338340}.Release|Any CPU.ActiveCfg = Release|Win32
		{D96EC2A1-4E54-466A-ADF8-89AA27338340}.Release|x64.ActiveCfg = Release|x64
		{D96EC2A1-4E54-466A-ADF8-89AA27338340}.Release|x64.Build.0 = Release|x64
		{D96EC2A1-4E54-466A-ADF8-89AA27338340}.Release|x86.ActiveCfg = Release|Win32
		{D96EC2A1-4E54-466A-ADF8-89AA27338340}.Release|x86.Build.0 = Release|Win32
		{78931A45-3DD0-41CB-903E-16968DBB4EB8}.Debug|Any CPU.ActiveCfg = Debug|Win32
		{78931A45-3DD0-41CB-903E-16968DBB4EB8}.Debug|x64.ActiveCfg = Debug|x64
		{78931A45-3DD0-41CB-903E-16968DBB4EB8}.Debug|x64.Build.0 = Debug|x64
		{78931A45-3DD0-41CB-903E-16968DBB4EB8}.Debug|x86.ActiveCfg = Debug|Win32
		{78931A45-3DD0-41CB-903E-16968DBB4EB8}.Debug|x86.Build.0 = Debug|Win32
		{78931A45-3DD0-41CB-903E-16968DBB4EB8}.Release|Any CPU.ActiveCfg = Release|Win32
		{78931A45-3DD0-41CB-903E-16968DBB4EB8}.Release|x64.ActiveCfg = Release|x64
		{78931A45-3DD0-41CB-903E-16968DBB4EB8}.Release|x64.Build.0 = Release|x64
		{78931A45-3DD0-41CB-903E-16968DBB4EB8}.Release|x86.ActiveCfg = Release|Win32
		{78931A45-3DD0-41CB-903E-16968DBB4EB8}.Release|x86.Build.0 = Release|Win32
		{3DB4EC1B-E343-41B3-9784-0894820E2880}.Debug|Any CPU.ActiveCfg = Debug|Win32
		{3DB4EC1B-E343-41B3-9784-0894820E2880}.Debug|x64.ActiveCfg = Debug|x64
		{3DB4EC1B-E343-41B3-9784-0894820E2880}.Debug|x64.Build.0 = Debug|x64
		{3DB4EC1B-E343-41B3-9784-0894820E2880}.Debug|x86.ActiveCfg = Debug|Win32
		{3DB4EC1B-E343-41B3-9784-0894820E2880}.Debug|x86.Build.0 = Debug|Win32
		{3DB4EC1B-E343-41B3-9784-0894820E2880}.Release|Any CPU.ActiveCfg = Release|Win32
		{3DB4EC1B-E343-41B3-9784-0894820E2880}.Release|x64.ActiveCfg = Release|x64
		{3DB4EC1B-E343-41B3-9784-0894820E2880}.Release|x64.Build.0 = Release|x64
		{3DB4EC1B-E343-41B3-9784-0894820E2880}.Release|x86.ActiveCfg = Release|Win32
		{3DB4EC1B-E343-41B3-9784-0894820E2880}.Release|x86.Build.0 = Release|Win32
		{DD064E8D-04F3-4798-BDDE-38377E833117}.Debug|Any CPU.ActiveCfg = Debug|Win32
		{DD064E8D-04F3-4798-BDDE-38377E833117}.Debug|x64.ActiveCfg = Debug|x64
		{DD064E8D-04F3-4798-BDDE-38377E833117}.Debug|x64.Build.0 = Debug|x64
		{DD064E8D-04F3-4798-BDDE-38377E833117}.Debug|x86.ActiveCfg = Debug|Win32
		{DD064E8D-04F3-4798-BDDE-38377E833117}.Debug|x86.Build.0 = Debug|Win32
		{DD064E8D-04F3-4798-BDDE-38377E833117}.Release|Any CPU.ActiveCfg = Release|Win32
		{DD064E8D-04F3-4798-BDDE-38377E833117}.Release|x64.ActiveCfg = Release|x64
		{DD064E8D-04F3-4798-BDDE-38377E833117}.Release|x64.Build.0 = Release|x64
		{DD064E8D-04F3-4798-BDDE-38377E833117}.Release|x86.ActiveCfg = Release|Win32
		{DD064E8D-04F3-4798-BDDE-38377E833117}.Release|x86.Build.0 = Release|Win32
		{01EB3160-4958-4867-B08C-73B08C848052}.Debug|Any CPU.ActiveCfg = Debug|Win32
		{01EB3160-4958-4867-B08C-73B08C848052}.Debug|x64.ActiveCfg = Debug|x64
		{01EB3160-4958-4867-B08C-73B08C848052}.Debug|x64.Build.0 = Debug|x64
		{01EB3160-4958-4867-B08C-73B08C848052}.Debug|x86.ActiveCfg = Debug|Win32
		{01EB3160-4958-4867-B08C-73B08C848052}.Debug|x86.Build.0 = Debug|Win32
		{01EB3160-4958-4867-B08C-73B08C848052}.Release|Any CPU.ActiveCfg = Release|Win32
		{01EB3160-4958-4867-B08C-73B08C848052}.Release|x64.ActiveCfg = Release|x64
		{01EB3160-4958-4867-B08C-73B08C848052}.Release|x64.Build.0 = Release|x64
		{01EB3160-4958-4867-B08C-73B08C848052}.Release|x86.ActiveCfg = Release|Win32
		{01EB3160-4958-4867-B08C-73B08C848052}.Release|x86.Build.0 = Release|Win32
	EndGlobalSection
	GlobalSection(SolutionProperties) = preSolution
		HideSolutionNode = FALSE
	EndGlobalSection
	GlobalSection(NestedProjects) = preSolution
		{D96EC2A1-4E54-466A-ADF8-89AA27338340} = {F05FFF47-BC31-4146-8A02-9495E0C50F94}
		{0EE9DDBA-EE98-4F9D-9A90-6E9F048DFB4D} = {ED4902A5-D79F-463B-9BF1-D9890A9D8F7C}
		{10FC0D4D-0339-4399-B3C4-393AF29DC5C5} = {ED4902A5-D79F-463B-9BF1-D9890A9D8F7C}
		{78931A45-3DD0-41CB-903E-16968DBB4EB8} = {0EE9DDBA-EE98-4F9D-9A90-6E9F048DFB4D}
		{284BA4F4-059C-4D26-8A65-A75CC0321A47} = {ED4902A5-D79F-463B-9BF1-D9890A9D8F7C}
		{3DB4EC1B-E343-41B3-9784-0894820E2880} = {284BA4F4-059C-4D26-8A65-A75CC0321A47}
		{A8A204D1-8480-435F-B34C-F1AF5226153A} = {ED4902A5-D79F-463B-9BF1-D9890A9D8F7C}
		{DD064E8D-04F3-4798-BDDE-38377E833117} = {A8A204D1-8480-435F-B34C-F1AF5226153A}
		{01EB3160-4958-4867-B08C-73B08C848052} = {694D1EAF-96DC-4059-ABE3-438073D90279}
	EndGlobalSection
	GlobalSection(ExtensibilityGlobals) = postSolution
		SolutionGuid = {0EC47CB9-565D-4DDA-8C0C-2E560101DBD4}
	EndGlobalSection
EndGlobal
