<?xml version="1.0" encoding="utf-8"?>
<Project ToolsVersion="4.0" xmlns="http://schemas.microsoft.com/developer/msbuild/2003">
  <ItemGroup>
    <Filter Include="00. MainApp">
      <UniqueIdentifier>{855b6227-9b3e-4121-b05e-cdbd84a8f313}</UniqueIdentifier>
    </Filter>
    <Filter Include="99. ETC">
      <UniqueIdentifier>{5b33e514-5d42-489a-ae63-a33b5dc4c713}</UniqueIdentifier>
    </Filter>
    <Filter Include="98. Header">
      <UniqueIdentifier>{1efac9d2-e54d-4ce8-9897-ba5ec1bc9a87}</UniqueIdentifier>
    </Filter>
    <Filter Include="01. Scene">
      <UniqueIdentifier>{f02c1d0c-48cf-4150-8c65-b10d678dcb9e}</UniqueIdentifier>
    </Filter>
    <Filter Include="02. GameObject">
      <UniqueIdentifier>{eba480c4-4ce5-415b-8b4a-539cd903b850}</UniqueIdentifier>
    </Filter>
    <Filter Include="01. Scene\00. Logo">
      <UniqueIdentifier>{f57f6b3c-a548-4b1c-af36-45999a22d5c7}</UniqueIdentifier>
    </Filter>
    <Filter Include="01. Scene\01. Stage">
      <UniqueIdentifier>{e7f6fcae-0ecb-4bb8-96b2-95ce6a2f12fa}</UniqueIdentifier>
    </Filter>
    <Filter Include="02. GameObject\00. Logo">
      <UniqueIdentifier>{7e117947-4894-40f6-b9d8-488a889898d5}</UniqueIdentifier>
    </Filter>
    <Filter Include="02. GameObject\01. Stage">
      <UniqueIdentifier>{b9d2c5d0-982b-4edf-8d46-7d565a47c7ce}</UniqueIdentifier>
    </Filter>
    <Filter Include="02. GameObject\00. Logo\00. BackGround">
      <UniqueIdentifier>{8208a16d-1990-4739-8bd1-2c0367edd2db}</UniqueIdentifier>
    </Filter>
    <Filter Include="02. GameObject\00. Logo\97. TestPlayer">
      <UniqueIdentifier>{0e43a39c-eb08-4323-a535-f2e3de713048}</UniqueIdentifier>
    </Filter>
    <Filter Include="02. GameObject\00. Logo\96. TestMonster">
      <UniqueIdentifier>{bf3b553f-bcc2-47b1-8260-6828a353d8da}</UniqueIdentifier>
    </Filter>
    <Filter Include="01. Scene\02. Public">
      <UniqueIdentifier>{d03625b1-65f4-46e3-a9e2-7221664150be}</UniqueIdentifier>
    </Filter>
    <Filter Include="02. GameObject\02. Public">
      <UniqueIdentifier>{71596602-4d4f-4ecc-882f-1d080a776fdd}</UniqueIdentifier>
    </Filter>
    <Filter Include="02. GameObject\02. Public\00. DynamicCamera">
      <UniqueIdentifier>{29708611-e550-4cd9-8292-bb0e5f32d6f8}</UniqueIdentifier>
    </Filter>
    <Filter Include="02. GameObject\02. Public\01. StaticCamera">
      <UniqueIdentifier>{45328ed9-3eab-440f-bc20-85d12681da38}</UniqueIdentifier>
    </Filter>
    <Filter Include="02. GameObject\01. Stage\01. Terrain">
      <UniqueIdentifier>{e0be82bd-91c5-4516-8986-006672fa1c03}</UniqueIdentifier>
    </Filter>
    <Filter Include="02. GameObject\01. Stage\02. Player">
      <UniqueIdentifier>{f20b0fbe-73a6-4ff7-be30-9ef8b50c3805}</UniqueIdentifier>
    </Filter>
    <Filter Include="02. GameObject\01. Stage\03. Enemy">
      <UniqueIdentifier>{4ff09da5-0fc8-43bd-a228-e036a1d57eb9}</UniqueIdentifier>
    </Filter>
    <Filter Include="02. GameObject\01. Stage\00. SkyBox">
      <UniqueIdentifier>{60bc3fba-af4d-4264-a1bb-71e25ca6d926}</UniqueIdentifier>
    </Filter>
    <Filter Include="02. GameObject\01. Stage\99. BackMesh">
      <UniqueIdentifier>{3f30981b-f40a-48b7-bb33-1902be6a53f8}</UniqueIdentifier>
    </Filter>
    <Filter Include="02. GameObject\01. Stage\04. Boss">
      <UniqueIdentifier>{4e177340-fd76-4cd8-971d-9e81435ba5e1}</UniqueIdentifier>
    </Filter>
    <Filter Include="02. GameObject\01. Stage\98. Sword">
      <UniqueIdentifier>{a950608b-c151-40cb-a1b7-93ac778e4f8f}</UniqueIdentifier>
    </Filter>
    <Filter Include="02. GameObject\01. Stage\97. Stone">
      <UniqueIdentifier>{3ff3a233-0afb-43cc-adae-146b81be418e}</UniqueIdentifier>
    </Filter>
    <Filter Include="02. GameObject\01. Stage\05. UI">
      <UniqueIdentifier>{612c586d-dea3-4de0-96ad-345b0ae791f1}</UniqueIdentifier>
    </Filter>
    <Filter Include="02. GameObject\01. Stage\03. Enemy\00. Goblin_Sword">
      <UniqueIdentifier>{40b8c7e5-1c99-4343-89e0-2e36eeee4778}</UniqueIdentifier>
    </Filter>
    <Filter Include="02. GameObject\01. Stage\03. Enemy\01. Goblin_Magician">
      <UniqueIdentifier>{f4035ccd-c90f-419f-9fd9-556e588a3836}</UniqueIdentifier>
    </Filter>
    <Filter Include="02. GameObject\01. Stage\03. Enemy\02. Dog">
      <UniqueIdentifier>{04e9e9f8-a178-47b6-8386-0e7c9dde9a38}</UniqueIdentifier>
    </Filter>
    <Filter Include="02. GameObject\01. Stage\03. Enemy\03. Minotauros">
      <UniqueIdentifier>{96ddcca8-6862-401c-9364-354ec7be6f22}</UniqueIdentifier>
    </Filter>
    <Filter Include="02. GameObject\02. Public\02. ColliderManager">
      <UniqueIdentifier>{2efc9910-4e73-414b-ad5c-fcb6d9aa956f}</UniqueIdentifier>
    </Filter>
    <Filter Include="02. GameObject\02. Public\03. Spawn">
      <UniqueIdentifier>{2f44cb6b-1fc6-4cc3-b022-85ca98d0d0cf}</UniqueIdentifier>
    </Filter>
    <Filter Include="02. GameObject\02. Public\03. Spawn\00. Spawner">
      <UniqueIdentifier>{a080c192-fa6c-40b7-8086-0e613a7d2a03}</UniqueIdentifier>
    </Filter>
    <Filter Include="02. GameObject\02. Public\03. Spawn\01. Manager">
      <UniqueIdentifier>{4fdb8256-a715-4854-beee-ad02fe0e146f}</UniqueIdentifier>
    </Filter>
    <Filter Include="02. GameObject\01. Stage\03. Enemy\01. Goblin_Magician\00. FireBall">
      <UniqueIdentifier>{1f076bd5-233e-481d-a156-b334e1daf9ce}</UniqueIdentifier>
    </Filter>
    <Filter Include="02. GameObject\01. Stage\06. Trail">
      <UniqueIdentifier>{fa46820b-bfe0-429d-82ba-2741effca167}</UniqueIdentifier>
    </Filter>
    <Filter Include="02. GameObject\02. Public\04. PlayTimeManager">
      <UniqueIdentifier>{330bf902-f619-41cd-bfec-fddf56d6f2b5}</UniqueIdentifier>
    </Filter>
    <Filter Include="02. GameObject\02. Public\05. HPUIManager">
      <UniqueIdentifier>{e2fd82e8-3915-4f72-abfe-1265b49fb792}</UniqueIdentifier>
    </Filter>
    <Filter Include="02. GameObject\02. Public\06. FontManager">
      <UniqueIdentifier>{eee99628-1f26-4237-bfd8-812cb7b92657}</UniqueIdentifier>
    </Filter>
    <Filter Include="02. GameObject\01. Stage\05. UI\00. HPUI">
      <UniqueIdentifier>{8cc916ae-061a-4997-9089-a0c4c138cc4b}</UniqueIdentifier>
    </Filter>
    <Filter Include="02. GameObject\01. Stage\05. UI\01. FontUI">
      <UniqueIdentifier>{f1104c4d-97e6-464b-b714-bbddcebd49cc}</UniqueIdentifier>
    </Filter>
    <Filter Include="02. GameObject\01. Stage\07. Distort">
      <UniqueIdentifier>{0e14683f-b3a7-43e4-a8e7-a8eb5ab35dc0}</UniqueIdentifier>
    </Filter>
    <Filter Include="02. GameObject\01. Stage\08. HitEffect">
      <UniqueIdentifier>{dbaad075-89d8-4ccd-8c4b-f939fcf98af7}</UniqueIdentifier>
    </Filter>
    <Filter Include="02. GameObject\02. Public\07. HitManager">
      <UniqueIdentifier>{3285489f-4ffa-48bf-9d62-b84b7452a762}</UniqueIdentifier>
    </Filter>
    <Filter Include="02. GameObject\01. Stage\09. NPC">
      <UniqueIdentifier>{85395d26-5885-44c8-8eff-8b660e9df9f2}</UniqueIdentifier>
    </Filter>
    <Filter Include="02. GameObject\02. Public\08. QuestManager">
      <UniqueIdentifier>{8885e7bf-4bd1-4a80-b04a-1c3b986f80ff}</UniqueIdentifier>
    </Filter>
    <Filter Include="02. GameObject\01. Stage\05. UI\02. TalkUI">
      <UniqueIdentifier>{2eae03f0-c111-49c6-a129-f613d0defb06}</UniqueIdentifier>
    </Filter>
    <Filter Include="02. GameObject\01. Stage\05. UI\03. InteractionUI">
      <UniqueIdentifier>{67c805e1-df31-4091-8be1-f9c05a03399a}</UniqueIdentifier>
    </Filter>
    <Filter Include="02. GameObject\02. Public\09. SoundManager">
      <UniqueIdentifier>{0d396df9-3c89-4ba4-8506-36de7a2d8b7a}</UniqueIdentifier>
    </Filter>
    <Filter Include="02. GameObject\01. Stage\10. SkillRock">
      <UniqueIdentifier>{28cb7c01-36d3-4101-8167-33394ca5c606}</UniqueIdentifier>
    </Filter>
    <Filter Include="02. GameObject\01. Stage\05. UI\04. BossUI">
      <UniqueIdentifier>{2259ada1-d8be-44d4-806c-fe457e61a8f5}</UniqueIdentifier>
    </Filter>
  </ItemGroup>
  <ItemGroup>
    <ClInclude Include="Client.h">
      <Filter>99. ETC</Filter>
    </ClInclude>
    <ClInclude Include="Resource.h">
      <Filter>99. ETC</Filter>
    </ClInclude>
    <ClInclude Include="stdafx.h">
      <Filter>99. ETC</Filter>
    </ClInclude>
    <ClInclude Include="targetver.h">
      <Filter>99. ETC</Filter>
    </ClInclude>
    <ClInclude Include="..\Header\Define.h">
      <Filter>98. Header</Filter>
    </ClInclude>
    <ClInclude Include="..\Header\Typedef.h">
      <Filter>98. Header</Filter>
    </ClInclude>
    <ClInclude Include="..\Header\Function.h">
      <Filter>98. Header</Filter>
    </ClInclude>
    <ClInclude Include="..\Header\Macro.h">
      <Filter>98. Header</Filter>
    </ClInclude>
    <ClInclude Include="..\Code\MainApp.h">
      <Filter>00. MainApp</Filter>
    </ClInclude>
    <ClInclude Include="..\Header\Struct.h">
      <Filter>98. Header</Filter>
    </ClInclude>
    <ClInclude Include="..\Code\Logo.h">
      <Filter>01. Scene\00. Logo</Filter>
    </ClInclude>
    <ClInclude Include="..\Code\BackGround.h">
      <Filter>02. GameObject\00. Logo\00. BackGround</Filter>
    </ClInclude>
    <ClInclude Include="..\Code\TestPlayer.h">
      <Filter>02. GameObject\00. Logo\97. TestPlayer</Filter>
    </ClInclude>
    <ClInclude Include="..\Code\TestMonster.h">
      <Filter>02. GameObject\00. Logo\96. TestMonster</Filter>
    </ClInclude>
    <ClInclude Include="..\Code\Stage.h">
      <Filter>01. Scene\01. Stage</Filter>
    </ClInclude>
    <ClInclude Include="..\Code\Loading.h">
      <Filter>01. Scene\02. Public</Filter>
    </ClInclude>
    <ClInclude Include="..\Code\Terrain.h">
      <Filter>02. GameObject\01. Stage\01. Terrain</Filter>
    </ClInclude>
    <ClInclude Include="..\Code\Player.h">
      <Filter>02. GameObject\01. Stage\02. Player</Filter>
    </ClInclude>
    <ClInclude Include="..\Code\DynamicCamera.h">
      <Filter>02. GameObject\02. Public\00. DynamicCamera</Filter>
    </ClInclude>
    <ClInclude Include="..\Code\StaticCamera.h">
      <Filter>02. GameObject\02. Public\01. StaticCamera</Filter>
    </ClInclude>
    <ClInclude Include="..\Code\SkyBox.h">
      <Filter>02. GameObject\01. Stage\00. SkyBox</Filter>
    </ClInclude>
    <ClInclude Include="..\Code\Stone.h">
      <Filter>02. GameObject\01. Stage\97. Stone</Filter>
    </ClInclude>
    <ClInclude Include="..\Code\Sword.h">
      <Filter>02. GameObject\01. Stage\98. Sword</Filter>
    </ClInclude>
    <ClInclude Include="..\Code\BackMesh.h">
      <Filter>02. GameObject\01. Stage\99. BackMesh</Filter>
    </ClInclude>
    <ClInclude Include="..\Code\ColliderManager.h">
      <Filter>02. GameObject\02. Public\02. ColliderManager</Filter>
    </ClInclude>
    <ClInclude Include="..\Header\Enum.h">
      <Filter>98. Header</Filter>
    </ClInclude>
    <ClInclude Include="..\Code\Boss.h">
      <Filter>02. GameObject\01. Stage\04. Boss</Filter>
    </ClInclude>
    <ClInclude Include="..\Code\UI.h">
      <Filter>02. GameObject\01. Stage\05. UI</Filter>
    </ClInclude>
    <ClInclude Include="..\Code\HPUI.h">
      <Filter>02. GameObject\01. Stage\05. UI\00. HPUI</Filter>
    </ClInclude>
    <ClInclude Include="..\Code\GoblinSword.h">
      <Filter>02. GameObject\01. Stage\03. Enemy\00. Goblin_Sword</Filter>
    </ClInclude>
    <ClInclude Include="..\Code\GoblinMagician.h">
      <Filter>02. GameObject\01. Stage\03. Enemy\01. Goblin_Magician</Filter>
    </ClInclude>
    <ClInclude Include="..\Code\Dog.h">
      <Filter>02. GameObject\01. Stage\03. Enemy\02. Dog</Filter>
    </ClInclude>
    <ClInclude Include="..\Code\SpawnManager.h">
      <Filter>02. GameObject\02. Public\03. Spawn\01. Manager</Filter>
    </ClInclude>
    <ClInclude Include="..\Code\Spawner.h">
      <Filter>02. GameObject\02. Public\03. Spawn\00. Spawner</Filter>
    </ClInclude>
    <ClInclude Include="..\Code\Minotauros.h">
      <Filter>02. GameObject\01. Stage\03. Enemy\03. Minotauros</Filter>
    </ClInclude>
    <ClInclude Include="..\Code\FireBall.h">
      <Filter>02. GameObject\01. Stage\03. Enemy\01. Goblin_Magician\00. FireBall</Filter>
    </ClInclude>
    <ClInclude Include="..\Code\SwordTrail.h">
      <Filter>02. GameObject\01. Stage\06. Trail</Filter>
    </ClInclude>
    <ClInclude Include="..\Code\PlayTimeManager.h">
      <Filter>02. GameObject\02. Public\04. PlayTimeManager</Filter>
    </ClInclude>
    <ClInclude Include="..\Code\HPUIManager.h">
      <Filter>02. GameObject\02. Public\05. HPUIManager</Filter>
    </ClInclude>
    <ClInclude Include="..\Code\FontManager.h">
      <Filter>02. GameObject\02. Public\06. FontManager</Filter>
    </ClInclude>
    <ClInclude Include="..\Code\FontUI.h">
      <Filter>02. GameObject\01. Stage\05. UI\01. FontUI</Filter>
    </ClInclude>
    <ClInclude Include="..\Code\SwordDistort.h">
      <Filter>02. GameObject\01. Stage\07. Distort</Filter>
    </ClInclude>
    <ClInclude Include="..\Code\HitEffect.h">
      <Filter>02. GameObject\01. Stage\08. HitEffect</Filter>
    </ClInclude>
    <ClInclude Include="..\Code\HitManager.h">
      <Filter>02. GameObject\02. Public\07. HitManager</Filter>
    </ClInclude>
    <ClInclude Include="..\Code\NPC.h">
      <Filter>02. GameObject\01. Stage\09. NPC</Filter>
    </ClInclude>
    <ClInclude Include="..\Code\QuestManager.h">
      <Filter>02. GameObject\02. Public\08. QuestManager</Filter>
    </ClInclude>
    <ClInclude Include="..\Code\TalkUI.h">
      <Filter>02. GameObject\01. Stage\05. UI\02. TalkUI</Filter>
    </ClInclude>
    <ClInclude Include="..\Code\InteractionUI.h">
      <Filter>02. GameObject\01. Stage\05. UI\03. InteractionUI</Filter>
    </ClInclude>
    <ClInclude Include="..\Code\SoundManager.h">
      <Filter>02. GameObject\02. Public\09. SoundManager</Filter>
    </ClInclude>
    <ClInclude Include="..\Code\CrossEffect.h">
      <Filter>02. GameObject\01. Stage\08. HitEffect</Filter>
    </ClInclude>
    <ClInclude Include="..\Code\SkillRock.h">
      <Filter>02. GameObject\01. Stage\10. SkillRock</Filter>
    </ClInclude>
    <ClInclude Include="..\Code\BossUI.h">
      <Filter>02. GameObject\01. Stage\05. UI\04. BossUI</Filter>
    </ClInclude>
  </ItemGroup>
  <ItemGroup>
    <ClCompile Include="Client.cpp">
      <Filter>99. ETC</Filter>
    </ClCompile>
    <ClCompile Include="stdafx.cpp">
      <Filter>99. ETC</Filter>
    </ClCompile>
    <ClCompile Include="..\Code\MainApp.cpp">
      <Filter>00. MainApp</Filter>
    </ClCompile>
    <ClCompile Include="..\Code\Logo.cpp">
      <Filter>01. Scene\00. Logo</Filter>
    </ClCompile>
    <ClCompile Include="..\Code\BackGround.cpp">
      <Filter>02. GameObject\00. Logo\00. BackGround</Filter>
    </ClCompile>
    <ClCompile Include="..\Code\TestPlayer.cpp">
      <Filter>02. GameObject\00. Logo\97. TestPlayer</Filter>
    </ClCompile>
    <ClCompile Include="..\Code\TestMonster.cpp">
      <Filter>02. GameObject\00. Logo\96. TestMonster</Filter>
    </ClCompile>
    <ClCompile Include="..\Code\Stage.cpp">
      <Filter>01. Scene\01. Stage</Filter>
    </ClCompile>
    <ClCompile Include="..\Code\Loading.cpp">
      <Filter>01. Scene\02. Public</Filter>
    </ClCompile>
    <ClCompile Include="..\Code\Terrain.cpp">
      <Filter>02. GameObject\01. Stage\01. Terrain</Filter>
    </ClCompile>
    <ClCompile Include="..\Code\Player.cpp">
      <Filter>02. GameObject\01. Stage\02. Player</Filter>
    </ClCompile>
    <ClCompile Include="..\Code\DynamicCamera.cpp">
      <Filter>02. GameObject\02. Public\00. DynamicCamera</Filter>
    </ClCompile>
    <ClCompile Include="..\Code\StaticCamera.cpp">
      <Filter>02. GameObject\02. Public\01. StaticCamera</Filter>
    </ClCompile>
    <ClCompile Include="..\Code\SkyBox.cpp">
      <Filter>02. GameObject\01. Stage\00. SkyBox</Filter>
    </ClCompile>
    <ClCompile Include="..\Code\Stone.cpp">
      <Filter>02. GameObject\01. Stage\97. Stone</Filter>
    </ClCompile>
    <ClCompile Include="..\Code\Sword.cpp">
      <Filter>02. GameObject\01. Stage\98. Sword</Filter>
    </ClCompile>
    <ClCompile Include="..\Code\BackMesh.cpp">
      <Filter>02. GameObject\01. Stage\99. BackMesh</Filter>
    </ClCompile>
    <ClCompile Include="..\Code\ColliderManager.cpp">
      <Filter>02. GameObject\02. Public\02. ColliderManager</Filter>
    </ClCompile>
    <ClCompile Include="..\Code\Boss.cpp">
      <Filter>02. GameObject\01. Stage\04. Boss</Filter>
    </ClCompile>
    <ClCompile Include="..\Code\UI.cpp">
      <Filter>02. GameObject\01. Stage\05. UI</Filter>
    </ClCompile>
    <ClCompile Include="..\Code\HPUI.cpp">
      <Filter>02. GameObject\01. Stage\05. UI\00. HPUI</Filter>
    </ClCompile>
    <ClCompile Include="..\Code\GoblinSword.cpp">
      <Filter>02. GameObject\01. Stage\03. Enemy\00. Goblin_Sword</Filter>
    </ClCompile>
    <ClCompile Include="..\Code\GoblinMagician.cpp">
      <Filter>02. GameObject\01. Stage\03. Enemy\01. Goblin_Magician</Filter>
    </ClCompile>
    <ClCompile Include="..\Code\Dog.cpp">
      <Filter>02. GameObject\01. Stage\03. Enemy\02. Dog</Filter>
    </ClCompile>
    <ClCompile Include="..\Code\SpawnManager.cpp">
      <Filter>02. GameObject\02. Public\03. Spawn\01. Manager</Filter>
    </ClCompile>
    <ClCompile Include="..\Code\Spawner.cpp">
      <Filter>02. GameObject\02. Public\03. Spawn\00. Spawner</Filter>
    </ClCompile>
    <ClCompile Include="..\Code\Minotauros.cpp">
      <Filter>02. GameObject\01. Stage\03. Enemy\03. Minotauros</Filter>
    </ClCompile>
    <ClCompile Include="..\Code\FireBall.cpp">
      <Filter>02. GameObject\01. Stage\03. Enemy\01. Goblin_Magician\00. FireBall</Filter>
    </ClCompile>
    <ClCompile Include="..\Code\SwordTrail.cpp">
      <Filter>02. GameObject\01. Stage\06. Trail</Filter>
    </ClCompile>
    <ClCompile Include="..\Code\PlayTimeManager.cpp">
      <Filter>02. GameObject\02. Public\04. PlayTimeManager</Filter>
    </ClCompile>
    <ClCompile Include="..\Code\HPUIManager.cpp">
      <Filter>02. GameObject\02. Public\05. HPUIManager</Filter>
    </ClCompile>
    <ClCompile Include="..\Code\FontManager.cpp">
      <Filter>02. GameObject\02. Public\06. FontManager</Filter>
    </ClCompile>
    <ClCompile Include="..\Code\FontUI.cpp">
      <Filter>02. GameObject\01. Stage\05. UI\01. FontUI</Filter>
    </ClCompile>
    <ClCompile Include="..\Code\SwordDistort.cpp">
      <Filter>02. GameObject\01. Stage\07. Distort</Filter>
    </ClCompile>
    <ClCompile Include="..\Code\HitEffect.cpp">
      <Filter>02. GameObject\01. Stage\08. HitEffect</Filter>
    </ClCompile>
    <ClCompile Include="..\Code\HitManager.cpp">
      <Filter>02. GameObject\02. Public\07. HitManager</Filter>
    </ClCompile>
    <ClCompile Include="..\Code\NPC.cpp">
      <Filter>02. GameObject\01. Stage\09. NPC</Filter>
    </ClCompile>
    <ClCompile Include="..\Code\QuestManager.cpp">
      <Filter>02. GameObject\02. Public\08. QuestManager</Filter>
    </ClCompile>
    <ClCompile Include="..\Code\TalkUI.cpp">
      <Filter>02. GameObject\01. Stage\05. UI\02. TalkUI</Filter>
    </ClCompile>
    <ClCompile Include="..\Code\InteractionUI.cpp">
      <Filter>02. GameObject\01. Stage\05. UI\03. InteractionUI</Filter>
    </ClCompile>
    <ClCompile Include="..\Code\SoundManager.cpp">
      <Filter>02. GameObject\02. Public\09. SoundManager</Filter>
    </ClCompile>
    <ClCompile Include="..\Code\CrossEffect.cpp">
      <Filter>02. GameObject\01. Stage\08. HitEffect</Filter>
    </ClCompile>
    <ClCompile Include="..\Code\SkillRock.cpp">
      <Filter>02. GameObject\01. Stage\10. SkillRock</Filter>
    </ClCompile>
    <ClCompile Include="..\Code\BossUI.cpp">
      <Filter>02. GameObject\01. Stage\05. UI\04. BossUI</Filter>
    </ClCompile>
  </ItemGroup>
  <ItemGroup>
    <Image Include="Client.ico">
      <Filter>99. ETC</Filter>
    </Image>
    <Image Include="small.ico">
      <Filter>99. ETC</Filter>
    </Image>
    <Image Include="Blade2.ico">
      <Filter>99. ETC</Filter>
    </Image>
  </ItemGroup>
  <ItemGroup>
    <Text Include="ReadMe.txt">
      <Filter>99. ETC</Filter>
    </Text>
  </ItemGroup>
  <ItemGroup>
    <ResourceCompile Include="Client.rc">
      <Filter>99. ETC</Filter>
    </ResourceCompile>
  </ItemGroup>
</Project>